// !$*UTF8*$!
{
	archiveVersion = 1;
	classes = {
	};
	objectVersion = 77;
	objects = {

/* Begin PBXBuildFile section */
		072134CAB4546F774C9B15EF /* runtime-ui.js in Resources */ = {isa = PBXBuildFile; fileRef = 6B73D89F1A2CA5F420AD4585 /* runtime-ui.js */; };
		0E0A5E093DD39A3D6BA043CC /* block_reels.js in Resources */ = {isa = PBXBuildFile; fileRef = E8B9D70AE41E090020003432 /* block_reels.js */; };
		11757E0E955326E948703CF4 /* nav-management.js in Resources */ = {isa = PBXBuildFile; fileRef = 5B8AD3F66D765FAD4883A275 /* nav-management.js */; };
		167E89196B678BCEBA68007A /* AppSettings.swift in Sources */ = {isa = PBXBuildFile; fileRef = 0C6A095CCE50876F59118428 /* AppSettings.swift */; };
		196B2146F76AB27B059B4958 /* BookReaderView.swift in Sources */ = {isa = PBXBuildFile; fileRef = 7E5A34E345922B0FB77B065C /* BookReaderView.swift */; };
				8CBA6AF60C764CAEBAE7612A /* BookReaderView.swift in Sources */ = {isa = PBXBuildFile; fileRef = AFFE44BA493845B1A7C140B7 /* BookReaderView.swift */; };
				1862791F43FE4589B467F8FE /* StoredChapter.swift in Sources */ = {isa = PBXBuildFile; fileRef = 5D820FA81FBD40B4AF55275C /* StoredChapter.swift */; };
				F40845A473F547639E52988F /* LibraryBook.swift in Sources */ = {isa = PBXBuildFile; fileRef = 89B12E342316493C8C23892B /* LibraryBook.swift */; };
				11B6E904AA844DB3963CA7A7 /* ProgressViews.swift in Sources */ = {isa = PBXBuildFile; fileRef = 3ABC52A2B03C4E9A86B34D97 /* ProgressViews.swift */; };
				7604A0536BC84429AE01C39E /* BookCoverViews.swift in Sources */ = {isa = PBXBuildFile; fileRef = 83A39E668085493CBDF58849 /* BookCoverViews.swift */; };
				B62FD808D930445BA9838117 /* TextCardView.swift in Sources */ = {isa = PBXBuildFile; fileRef = E361622F5CF84183A150FE88 /* TextCardView.swift */; };
				9E01600C3ECD45C3AA3686AE /* ChapterCard.swift in Sources */ = {isa = PBXBuildFile; fileRef = 1879AAEFA6274D458828501A /* ChapterCard.swift */; };
				AF1B6B94B11D470F84145A42 /* PassageDetailView.swift in Sources */ = {isa = PBXBuildFile; fileRef = 6B88D37C8BEA4C82B214B1D7 /* PassageDetailView.swift */; };
				1F811CDC56344198A7715383 /* BookCompletionView.swift in Sources */ = {isa = PBXBuildFile; fileRef = 2E09F44D5F1C4D7FB5DB2504 /* BookCompletionView.swift */; };
				8E5C825F83C64B2EA113802F /* SettingsSheet.swift in Sources */ = {isa = PBXBuildFile; fileRef = E6935BB4BFEE4AB89277C884 /* SettingsSheet.swift */; };
				5021167BBE92475F90182A3C /* BookDetailSheet.swift in Sources */ = {isa = PBXBuildFile; fileRef = B6B54E5928F746F2B3A5E4B3 /* BookDetailSheet.swift */; };
				4E641A105B104AEE8F257207 /* BookReaderTypes.swift in Sources */ = {isa = PBXBuildFile; fileRef = 6040F693CA68422E87FC610B /* BookReaderTypes.swift */; };
				28A1756D01E742EAB8ADF22B /* BookReaderDataTransfer.swift in Sources */ = {isa = PBXBuildFile; fileRef = 8F97DFD9CFF9430EA3498C0F /* BookReaderDataTransfer.swift */; };
		1BCF5AD12F94EAF70042FC96 /* LogManager.swift in Sources */ = {isa = PBXBuildFile; fileRef = 1BCF5AD02F94EAF70042FC96 /* LogManager.swift */; };
		1BCF5AD22F94EAF70042FC96 /* LogManager.swift in Sources */ = {isa = PBXBuildFile; fileRef = 1BCF5AD02F94EAF70042FC96 /* LogManager.swift */; };
		1BCF5AD42F94EB120042FC96 /* ConsoleView.swift in Sources */ = {isa = PBXBuildFile; fileRef = 1BCF5AD32F94EB120042FC96 /* ConsoleView.swift */; };
		1BCF5AD52F94EB120042FC96 /* ConsoleView.swift in Sources */ = {isa = PBXBuildFile; fileRef = 1BCF5AD32F94EB120042FC96 /* ConsoleView.swift */; };
		1DEDEA7847183B5BC857B069 /* 1984.json in Resources */ = {isa = PBXBuildFile; fileRef = 31DB646D651FFA19E393C1F3 /* 1984.json */; };
		1F837C1C326B82742E999373 /* l-etranger.json in Resources */ = {isa = PBXBuildFile; fileRef = DC4274BB75882A985CB5C0BE /* l-etranger.json */; };
		24151CCC554C18A28694D3EC /* dynamic_feed_config.yaml in Resources */ = {isa = PBXBuildFile; fileRef = F1AFCEC8E424892E0BC875EC /* dynamic_feed_config.yaml */; };
		26286AE36E3383D42914218D /* constants.js in Resources */ = {isa = PBXBuildFile; fileRef = 426826A738B07C445AB3F826 /* constants.js */; };
		2656A10B9F5D592B94197708 /* tracking.js in Resources */ = {isa = PBXBuildFile; fileRef = 2AE21283A700ADC65F40A964 /* tracking.js */; };
		3DFB4A28B148B1DFFC2C66EA /* EPUBParser.swift in Sources */ = {isa = PBXBuildFile; fileRef = 2BD4C6C201D9F5F16A434A29 /* EPUBParser.swift */; };
		4730F705C47912493598425B /* ReadingMode.swift in Sources */ = {isa = PBXBuildFile; fileRef = CF11588F033C75B560C0FFC8 /* ReadingMode.swift */; };
		4DE917A22D9B670A345EBF68 /* MiniZIP.swift in Sources */ = {isa = PBXBuildFile; fileRef = 3511D2DC94E15A5FB361C282 /* MiniZIP.swift */; };
		596CA626D098C5B97511B1FA /* BookCard.swift in Sources */ = {isa = PBXBuildFile; fileRef = 43A0650330F1551DE7DD9680 /* BookCard.swift */; };
		5EDC12D4C1609F10C7414C18 /* l-etranger.epub in Resources */ = {isa = PBXBuildFile; fileRef = E19848A043D0CF43AB8B195A /* l-etranger.epub */; };
		60D2C4E49811A72D0BDC744D /* runtime-scan.js in Resources */ = {isa = PBXBuildFile; fileRef = E4CD51E6F16178205EDAB216 /* runtime-scan.js */; };
		720A7F23F1DF3E1DB2B8AA31 /* block_reels_entry.js in Resources */ = {isa = PBXBuildFile; fileRef = D2B9DF084BF8BB4FB369AC1C /* block_reels_entry.js */; };
		733AE0251F257E9A545EFDAE /* dorian-gray.json in Resources */ = {isa = PBXBuildFile; fileRef = 0EE8292651B5683F1566C909 /* dorian-gray.json */; };
		741C3867BFC8FD6966C495D0 /* SettingsView.swift in Sources */ = {isa = PBXBuildFile; fileRef = CAF2D46EF1C6E4B340BA1FC8 /* SettingsView.swift */; };
		7484628AC4F24FC3A62D0BEE /* session-stats.js in Resources */ = {isa = PBXBuildFile; fileRef = 459D5381A32D4A489B570713 /* session-stats.js */; };
		767CD5C99713E1A7FABA3036 /* InstagramView.swift in Sources */ = {isa = PBXBuildFile; fileRef = F7458C392340CA051B9872EA /* InstagramView.swift */; };
		81C4BF166B93D00B3D6765B9 /* scroll-lock.js in Resources */ = {isa = PBXBuildFile; fileRef = 47C612B0F7A1DCD29ADBEEF9 /* scroll-lock.js */; };
		83F82C06AE917D7565F44576 /* InstagramWebView.swift in Sources */ = {isa = PBXBuildFile; fileRef = 98D36FB79C7EDDFDA593A7C9 /* InstagramWebView.swift */; };
		87D5B5C7224D6580853F46AC /* build_block_reels.mjs in Resources */ = {isa = PBXBuildFile; fileRef = F6C771D48DF469657B4736F9 /* build_block_reels.mjs */; };
		9041891F5A55383856E0C868 /* CardType.swift in Sources */ = {isa = PBXBuildFile; fileRef = CC266854481DCE0687F62A4A /* CardType.swift */; };
		9AEDCF87B455004504649DF7 /* runtime-state.js in Resources */ = {isa = PBXBuildFile; fileRef = FCC3507A23B2C8EF5C9F1582 /* runtime-state.js */; };
		A08075D69A4203AFCA89DB8D /* page-manager.js in Resources */ = {isa = PBXBuildFile; fileRef = 3E2D1A03E4BE037A0217B8E1 /* page-manager.js */; };
		A31410EE5D6322D2100BC284 /* Assets.xcassets in Resources */ = {isa = PBXBuildFile; fileRef = F5264B0892789360AAE52D0D /* Assets.xcassets */; };
		A4057A3018DF90737D19AC67 /* 1984.epub in Resources */ = {isa = PBXBuildFile; fileRef = 42EA0EE9A5B088DE2E527697 /* 1984.epub */; };
		AE82571374B15A67AD8769CF /* ad-detection.js in Resources */ = {isa = PBXBuildFile; fileRef = 5C66F51A6E14B547DFE57A28 /* ad-detection.js */; };
		B968E8762E78B55C46861445 /* dom-utils.js in Resources */ = {isa = PBXBuildFile; fileRef = 0629F99C39F502C163050F96 /* dom-utils.js */; };
		C8CD3BDC6ADADE184817FBB1 /* card-injection.js in Resources */ = {isa = PBXBuildFile; fileRef = E2ECEDAD8271AE991EADE90C /* card-injection.js */; };
		CB01A00000000000000000A1 /* card-builder-helpers.js in Resources */ = {isa = PBXBuildFile; fileRef = CB01F00000000000000000A1 /* card-builder-helpers.js */; };
		CB01A00000000000000000A2 /* card-metrics.js in Resources */ = {isa = PBXBuildFile; fileRef = CB01F00000000000000000A2 /* card-metrics.js */; };
		CB01A00000000000000000A3 /* card-mood.js in Resources */ = {isa = PBXBuildFile; fileRef = CB01F00000000000000000A3 /* card-mood.js */; };
		CB01A00000000000000000A4 /* card-timer.js in Resources */ = {isa = PBXBuildFile; fileRef = CB01F00000000000000000A4 /* card-timer.js */; };
		CB01A00000000000000000A5 /* card-stop.js in Resources */ = {isa = PBXBuildFile; fileRef = CB01F00000000000000000A5 /* card-stop.js */; };
		CB01A00000000000000000A6 /* card-stats.js in Resources */ = {isa = PBXBuildFile; fileRef = CB01F00000000000000000A6 /* card-stats.js */; };
		CB01A00000000000000000A7 /* card-builder.js in Resources */ = {isa = PBXBuildFile; fileRef = CB01F00000000000000000A7 /* card-builder.js */; };
		CB01A00000000000000000A8 /* card-book.js in Resources */ = {isa = PBXBuildFile; fileRef = CB01F00000000000000000A8 /* card-book.js */; };
		CB01A00000000000000000A9 /* card-culture.js in Resources */ = {isa = PBXBuildFile; fileRef = CB01F00000000000000000A9 /* card-culture.js */; };
		CE148C2C2BC7651AE31FC005 /* config.js in Resources */ = {isa = PBXBuildFile; fileRef = F37A75B1FDB803D6858E0529 /* config.js */; };
		D19A3ED8A8C44F7639C83E2B /* le-petit-prince.json in Resources */ = {isa = PBXBuildFile; fileRef = 7EF2D7B2839CD4D31A83AA97 /* le-petit-prince.json */; };
		D2A88B199E5AFA3204E3A400 /* String+HTMLStripping.swift in Sources */ = {isa = PBXBuildFile; fileRef = CBDA853E4D3537C6E8F986AC /* String+HTMLStripping.swift */; };
		D4185F5DE07CEB7C876C81DB /* StopScrollApp.swift in Sources */ = {isa = PBXBuildFile; fileRef = 4F8E5453518C42B23702CCBB /* StopScrollApp.swift */; };
		D9C99F5FA0994BBFE0BD0DB5 /* BookParser.swift in Sources */ = {isa = PBXBuildFile; fileRef = D72F7704B8A034E5CC1CF8D2 /* BookParser.swift */; };
		DA53C6993F4764F522EF04FF /* le-petit-prince.epub in Resources */ = {isa = PBXBuildFile; fileRef = 21B81C876FDD84E814F5A389 /* le-petit-prince.epub */; };
		E6D38C57ACFC342FFCE57D67 /* card-logic.js in Resources */ = {isa = PBXBuildFile; fileRef = 25FF4AF8D9F7E63AB024811A /* card-logic.js */; };
		EB23AA3BFD54DE2E2E8C7F47 /* BookParserEPUBTests.swift in Sources */ = {isa = PBXBuildFile; fileRef = 49830F744711A2144EE7185B /* BookParserEPUBTests.swift */; };
		F02FAA985CC67A6BEAE1E355 /* dorian-gray.epub in Resources */ = {isa = PBXBuildFile; fileRef = 9A79C980F9AD98BD101601E9 /* dorian-gray.epub */; };
		F0AA0D272D88F462AF10C5A0 /* top-menu.js in Resources */ = {isa = PBXBuildFile; fileRef = 9BA157D7898D2DA526AFDCB1 /* top-menu.js */; };
		F17FDA4E403CE54FAE123382 /* build_block_reels.sh in Resources */ = {isa = PBXBuildFile; fileRef = AE258A5A7FBD16C1374360DC /* build_block_reels.sh */; };
		FF2BE8CECF7504888ABD0C9D /* TestHelpers.swift in Sources */ = {isa = PBXBuildFile; fileRef = 8D621B9E95F4CDC4E78C462C /* TestHelpers.swift */; };
		GA01B000000000000000C001 /* GuardianAPITests.swift in Sources */ = {isa = PBXBuildFile; fileRef = GA01F000000000000000C001 /* GuardianAPITests.swift */; };
		RG01B000000000000000C001 /* RegressionTests.swift in Sources */ = {isa = PBXBuildFile; fileRef = RG01F000000000000000C001 /* RegressionTests.swift */; };
					63D06DA8C46945C58DDCD9E5 /* BookReaderTests.swift in Sources */ = {isa = PBXBuildFile; fileRef = E51684E30BE740D9B3A4474F /* BookReaderTests.swift */; };
		UI01B000000000000000C001 /* InstagramViewUIStateTests.swift in Sources */ = {isa = PBXBuildFile; fileRef = UI01F000000000000000C001 /* InstagramViewUIStateTests.swift */; };
		GD01A000000000000000C001 /* guardian.js in Resources */ = {isa = PBXBuildFile; fileRef = GD01F000000000000000C001 /* guardian.js */; };
		WK01A000000000000000B001 /* wikipedia.js in Resources */ = {isa = PBXBuildFile; fileRef = WK01F000000000000000B001 /* wikipedia.js */; };
/* End PBXBuildFile section */

/* Begin PBXContainerItemProxy section */
		C0D44B6D5F962AA401A75254 /* PBXContainerItemProxy */ = {
			isa = PBXContainerItemProxy;
			containerPortal = 742975AE0258353861E61B22 /* Project object */;
			proxyType = 1;
			remoteGlobalIDString = 180F3B4834C9782D757B939A;
			remoteInfo = StopScroll;
		};
/* End PBXContainerItemProxy section */

/* Begin PBXFileReference section */
		0629F99C39F502C163050F96 /* dom-utils.js */ = {isa = PBXFileReference; lastKnownFileType = sourcecode.javascript; path = "dom-utils.js"; sourceTree = "<group>"; };
		0C6A095CCE50876F59118428 /* AppSettings.swift */ = {isa = PBXFileReference; lastKnownFileType = sourcecode.swift; path = AppSettings.swift; sourceTree = "<group>"; };
		0EE8292651B5683F1566C909 /* dorian-gray.json */ = {isa = PBXFileReference; lastKnownFileType = text.json; path = "dorian-gray.json"; sourceTree = "<group>"; };
		1BCF5AD02F94EAF70042FC96 /* LogManager.swift */ = {isa = PBXFileReference; lastKnownFileType = sourcecode.swift; path = LogManager.swift; sourceTree = "<group>"; };
		1BCF5AD32F94EB120042FC96 /* ConsoleView.swift */ = {isa = PBXFileReference; lastKnownFileType = sourcecode.swift; path = ConsoleView.swift; sourceTree = "<group>"; };
		21B81C876FDD84E814F5A389 /* le-petit-prince.epub */ = {isa = PBXFileReference; lastKnownFileType = file; path = "le-petit-prince.epub"; sourceTree = "<group>"; };
		25FF4AF8D9F7E63AB024811A /* card-logic.js */ = {isa = PBXFileReference; lastKnownFileType = sourcecode.javascript; path = "card-logic.js"; sourceTree = "<group>"; };
		2AE21283A700ADC65F40A964 /* tracking.js */ = {isa = PBXFileReference; lastKnownFileType = sourcecode.javascript; path = tracking.js; sourceTree = "<group>"; };
		2BD4C6C201D9F5F16A434A29 /* EPUBParser.swift */ = {isa = PBXFileReference; lastKnownFileType = sourcecode.swift; path = EPUBParser.swift; sourceTree = "<group>"; };
		31DB646D651FFA19E393C1F3 /* 1984.json */ = {isa = PBXFileReference; lastKnownFileType = text.json; path = 1984.json; sourceTree = "<group>"; };
		3511D2DC94E15A5FB361C282 /* MiniZIP.swift */ = {isa = PBXFileReference; lastKnownFileType = sourcecode.swift; path = MiniZIP.swift; sourceTree = "<group>"; };
		3E2D1A03E4BE037A0217B8E1 /* page-manager.js */ = {isa = PBXFileReference; lastKnownFileType = sourcecode.javascript; path = "page-manager.js"; sourceTree = "<group>"; };
		426826A738B07C445AB3F826 /* constants.js */ = {isa = PBXFileReference; lastKnownFileType = sourcecode.javascript; path = constants.js; sourceTree = "<group>"; };
		42EA0EE9A5B088DE2E527697 /* 1984.epub */ = {isa = PBXFileReference; lastKnownFileType = file; path = 1984.epub; sourceTree = "<group>"; };
		43A0650330F1551DE7DD9680 /* BookCard.swift */ = {isa = PBXFileReference; lastKnownFileType = sourcecode.swift; path = BookCard.swift; sourceTree = "<group>"; };
		459D5381A32D4A489B570713 /* session-stats.js */ = {isa = PBXFileReference; lastKnownFileType = sourcecode.javascript; path = "session-stats.js"; sourceTree = "<group>"; };
		47C612B0F7A1DCD29ADBEEF9 /* scroll-lock.js */ = {isa = PBXFileReference; lastKnownFileType = sourcecode.javascript; path = "scroll-lock.js"; sourceTree = "<group>"; };
		49830F744711A2144EE7185B /* BookParserEPUBTests.swift */ = {isa = PBXFileReference; lastKnownFileType = sourcecode.swift; path = BookParserEPUBTests.swift; sourceTree = "<group>"; };
		4F8E5453518C42B23702CCBB /* StopScrollApp.swift */ = {isa = PBXFileReference; lastKnownFileType = sourcecode.swift; path = StopScrollApp.swift; sourceTree = "<group>"; };
		5B8AD3F66D765FAD4883A275 /* nav-management.js */ = {isa = PBXFileReference; lastKnownFileType = sourcecode.javascript; path = "nav-management.js"; sourceTree = "<group>"; };
		5C66F51A6E14B547DFE57A28 /* ad-detection.js */ = {isa = PBXFileReference; lastKnownFileType = sourcecode.javascript; path = "ad-detection.js"; sourceTree = "<group>"; };
		6B73D89F1A2CA5F420AD4585 /* runtime-ui.js */ = {isa = PBXFileReference; lastKnownFileType = sourcecode.javascript; path = "runtime-ui.js"; sourceTree = "<group>"; };
		7C3519B92634CB61271300F7 /* Info.plist */ = {isa = PBXFileReference; lastKnownFileType = text.plist; path = Info.plist; sourceTree = "<group>"; };
		7E5A34E345922B0FB77B065C /* BookReaderView.swift */ = {isa = PBXFileReference; lastKnownFileType = sourcecode.swift; path = BookReaderView.swift; sourceTree = "<group>"; };
				AFFE44BA493845B1A7C140B7 /* BookReaderView.swift */ = {isa = PBXFileReference; lastKnownFileType = sourcecode.swift; path = Core/BookReaderView.swift; sourceTree = "<group>"; };
				5D820FA81FBD40B4AF55275C /* StoredChapter.swift */ = {isa = PBXFileReference; lastKnownFileType = sourcecode.swift; path = Models/StoredChapter.swift; sourceTree = "<group>"; };
				89B12E342316493C8C23892B /* LibraryBook.swift */ = {isa = PBXFileReference; lastKnownFileType = sourcecode.swift; path = Models/LibraryBook.swift; sourceTree = "<group>"; };
				3ABC52A2B03C4E9A86B34D97 /* ProgressViews.swift */ = {isa = PBXFileReference; lastKnownFileType = sourcecode.swift; path = Progress/ProgressViews.swift; sourceTree = "<group>"; };
				83A39E668085493CBDF58849 /* BookCoverViews.swift */ = {isa = PBXFileReference; lastKnownFileType = sourcecode.swift; path = Details/BookCoverViews.swift; sourceTree = "<group>"; };
				E361622F5CF84183A150FE88 /* TextCardView.swift */ = {isa = PBXFileReference; lastKnownFileType = sourcecode.swift; path = Components/TextCardView.swift; sourceTree = "<group>"; };
				1879AAEFA6274D458828501A /* ChapterCard.swift */ = {isa = PBXFileReference; lastKnownFileType = sourcecode.swift; path = Components/ChapterCard.swift; sourceTree = "<group>"; };
				6B88D37C8BEA4C82B214B1D7 /* PassageDetailView.swift */ = {isa = PBXFileReference; lastKnownFileType = sourcecode.swift; path = Details/PassageDetailView.swift; sourceTree = "<group>"; };
				2E09F44D5F1C4D7FB5DB2504 /* BookCompletionView.swift */ = {isa = PBXFileReference; lastKnownFileType = sourcecode.swift; path = Completion/BookCompletionView.swift; sourceTree = "<group>"; };
				E6935BB4BFEE4AB89277C884 /* SettingsSheet.swift */ = {isa = PBXFileReference; lastKnownFileType = sourcecode.swift; path = Settings/SettingsSheet.swift; sourceTree = "<group>"; };
				B6B54E5928F746F2B3A5E4B3 /* BookDetailSheet.swift */ = {isa = PBXFileReference; lastKnownFileType = sourcecode.swift; path = Settings/BookDetailSheet.swift; sourceTree = "<group>"; };
				6040F693CA68422E87FC610B /* BookReaderTypes.swift */ = {isa = PBXFileReference; lastKnownFileType = sourcecode.swift; path = Core/BookReaderTypes.swift; sourceTree = "<group>"; };
				8F97DFD9CFF9430EA3498C0F /* BookReaderDataTransfer.swift */ = {isa = PBXFileReference; lastKnownFileType = sourcecode.swift; path = Settings/BookReaderDataTransfer.swift; sourceTree = "<group>"; };
		7EF2D7B2839CD4D31A83AA97 /* le-petit-prince.json */ = {isa = PBXFileReference; lastKnownFileType = text.json; path = "le-petit-prince.json"; sourceTree = "<group>"; };
		86AF0E37D9B2DA48FC635A6D /* StopScroll.app */ = {isa = PBXFileReference; explicitFileType = wrapper.application; includeInIndex = 0; path = StopScroll.app; sourceTree = BUILT_PRODUCTS_DIR; };
		8D621B9E95F4CDC4E78C462C /* TestHelpers.swift */ = {isa = PBXFileReference; lastKnownFileType = sourcecode.swift; path = TestHelpers.swift; sourceTree = "<group>"; };
		98D36FB79C7EDDFDA593A7C9 /* InstagramWebView.swift */ = {isa = PBXFileReference; lastKnownFileType = sourcecode.swift; path = InstagramWebView.swift; sourceTree = "<group>"; };
		9A79C980F9AD98BD101601E9 /* dorian-gray.epub */ = {isa = PBXFileReference; lastKnownFileType = file; path = "dorian-gray.epub"; sourceTree = "<group>"; };
		9BA157D7898D2DA526AFDCB1 /* top-menu.js */ = {isa = PBXFileReference; lastKnownFileType = sourcecode.javascript; path = "top-menu.js"; sourceTree = "<group>"; };
		AE258A5A7FBD16C1374360DC /* build_block_reels.sh */ = {isa = PBXFileReference; lastKnownFileType = text.script.sh; path = build_block_reels.sh; sourceTree = "<group>"; };
		C1396E0D9C909791D84E4FC3 /* StopScrollTests.xctest */ = {isa = PBXFileReference; includeInIndex = 0; lastKnownFileType = wrapper.cfbundle; path = StopScrollTests.xctest; sourceTree = BUILT_PRODUCTS_DIR; };
		CAF2D46EF1C6E4B340BA1FC8 /* SettingsView.swift */ = {isa = PBXFileReference; lastKnownFileType = sourcecode.swift; path = SettingsView.swift; sourceTree = "<group>"; };
		CB01F00000000000000000A1 /* card-builder-helpers.js */ = {isa = PBXFileReference; lastKnownFileType = sourcecode.javascript; path = "card-builder-helpers.js"; sourceTree = "<group>"; };
		CB01F00000000000000000A2 /* card-metrics.js */ = {isa = PBXFileReference; lastKnownFileType = sourcecode.javascript; path = "card-metrics.js"; sourceTree = "<group>"; };
		CB01F00000000000000000A3 /* card-mood.js */ = {isa = PBXFileReference; lastKnownFileType = sourcecode.javascript; path = "card-mood.js"; sourceTree = "<group>"; };
		CB01F00000000000000000A4 /* card-timer.js */ = {isa = PBXFileReference; lastKnownFileType = sourcecode.javascript; path = "card-timer.js"; sourceTree = "<group>"; };
		CB01F00000000000000000A5 /* card-stop.js */ = {isa = PBXFileReference; lastKnownFileType = sourcecode.javascript; path = "card-stop.js"; sourceTree = "<group>"; };
		CB01F00000000000000000A6 /* card-stats.js */ = {isa = PBXFileReference; lastKnownFileType = sourcecode.javascript; path = "card-stats.js"; sourceTree = "<group>"; };
		CB01F00000000000000000A7 /* card-builder.js */ = {isa = PBXFileReference; lastKnownFileType = sourcecode.javascript; path = "card-builder.js"; sourceTree = "<group>"; };
		CB01F00000000000000000A8 /* card-book.js */ = {isa = PBXFileReference; lastKnownFileType = sourcecode.javascript; path = "card-book.js"; sourceTree = "<group>"; };
		CB01F00000000000000000A9 /* card-culture.js */ = {isa = PBXFileReference; lastKnownFileType = sourcecode.javascript; path = "card-culture.js"; sourceTree = "<group>"; };
		CBDA853E4D3537C6E8F986AC /* String+HTMLStripping.swift */ = {isa = PBXFileReference; lastKnownFileType = sourcecode.swift; path = "String+HTMLStripping.swift"; sourceTree = "<group>"; };
		CC266854481DCE0687F62A4A /* CardType.swift */ = {isa = PBXFileReference; lastKnownFileType = sourcecode.swift; path = CardType.swift; sourceTree = "<group>"; };
		CF11588F033C75B560C0FFC8 /* ReadingMode.swift */ = {isa = PBXFileReference; lastKnownFileType = sourcecode.swift; path = ReadingMode.swift; sourceTree = "<group>"; };
		D2B9DF084BF8BB4FB369AC1C /* block_reels_entry.js */ = {isa = PBXFileReference; lastKnownFileType = sourcecode.javascript; path = block_reels_entry.js; sourceTree = "<group>"; };
		D72F7704B8A034E5CC1CF8D2 /* BookParser.swift */ = {isa = PBXFileReference; lastKnownFileType = sourcecode.swift; path = BookParser.swift; sourceTree = "<group>"; };
		DC4274BB75882A985CB5C0BE /* l-etranger.json */ = {isa = PBXFileReference; lastKnownFileType = text.json; path = "l-etranger.json"; sourceTree = "<group>"; };
		E19848A043D0CF43AB8B195A /* l-etranger.epub */ = {isa = PBXFileReference; lastKnownFileType = file; path = "l-etranger.epub"; sourceTree = "<group>"; };
		E2ECEDAD8271AE991EADE90C /* card-injection.js */ = {isa = PBXFileReference; lastKnownFileType = sourcecode.javascript; path = "card-injection.js"; sourceTree = "<group>"; };
		E4CD51E6F16178205EDAB216 /* runtime-scan.js */ = {isa = PBXFileReference; lastKnownFileType = sourcecode.javascript; path = "runtime-scan.js"; sourceTree = "<group>"; };
		E8B9D70AE41E090020003432 /* block_reels.js */ = {isa = PBXFileReference; lastKnownFileType = sourcecode.javascript; path = block_reels.js; sourceTree = "<group>"; };
		F1AFCEC8E424892E0BC875EC /* dynamic_feed_config.yaml */ = {isa = PBXFileReference; lastKnownFileType = text.yaml; path = dynamic_feed_config.yaml; sourceTree = "<group>"; };
		F37A75B1FDB803D6858E0529 /* config.js */ = {isa = PBXFileReference; lastKnownFileType = sourcecode.javascript; path = config.js; sourceTree = "<group>"; };
		F5264B0892789360AAE52D0D /* Assets.xcassets */ = {isa = PBXFileReference; lastKnownFileType = folder.assetcatalog; path = Assets.xcassets; sourceTree = "<group>"; };
		F6C771D48DF469657B4736F9 /* build_block_reels.mjs */ = {isa = PBXFileReference; lastKnownFileType = text; path = build_block_reels.mjs; sourceTree = "<group>"; };
		F7458C392340CA051B9872EA /* InstagramView.swift */ = {isa = PBXFileReference; lastKnownFileType = sourcecode.swift; path = InstagramView.swift; sourceTree = "<group>"; };
		FCC3507A23B2C8EF5C9F1582 /* runtime-state.js */ = {isa = PBXFileReference; lastKnownFileType = sourcecode.javascript; path = "runtime-state.js"; sourceTree = "<group>"; };
		GA01F000000000000000C001 /* GuardianAPITests.swift */ = {isa = PBXFileReference; lastKnownFileType = sourcecode.swift; path = GuardianAPITests.swift; sourceTree = "<group>"; };
		RG01F000000000000000C001 /* RegressionTests.swift */ = {isa = PBXFileReference; lastKnownFileType = sourcecode.swift; path = RegressionTests.swift; sourceTree = "<group>"; };
					E51684E30BE740D9B3A4474F /* BookReaderTests.swift */ = {isa = PBXFileReference; lastKnownFileType = sourcecode.swift; path = BookReaderTests.swift; sourceTree = "<group>"; };
		UI01F000000000000000C001 /* InstagramViewUIStateTests.swift */ = {isa = PBXFileReference; lastKnownFileType = sourcecode.swift; path = InstagramViewUIStateTests.swift; sourceTree = "<group>"; };
		GD01F000000000000000C001 /* guardian.js */ = {isa = PBXFileReference; lastKnownFileType = sourcecode.javascript; path = guardian.js; sourceTree = "<group>"; };
		WK01F000000000000000B001 /* wikipedia.js */ = {isa = PBXFileReference; lastKnownFileType = sourcecode.javascript; path = wikipedia.js; sourceTree = "<group>"; };
/* End PBXFileReference section */

/* Begin PBXGroup section */
		002F22D747E63E13E20EF310 /* Fixtures */ = {
			isa = PBXGroup;
			children = (
				1476D6657FCF347F92439B9B /* books */,
				11C7A774F4F56AAD93225136 /* manifests */,
			);
			path = Fixtures;
			sourceTree = "<group>";
		};
		041B6EC618876AAB818A8D52 /* Parser */ = {
			isa = PBXGroup;
			children = (
				D72F7704B8A034E5CC1CF8D2 /* BookParser.swift */,
			);
			path = Parser;
			sourceTree = "<group>";
		};
		11C7A774F4F56AAD93225136 /* manifests */ = {
			isa = PBXGroup;
			children = (
				31DB646D651FFA19E393C1F3 /* 1984.json */,
				0EE8292651B5683F1566C909 /* dorian-gray.json */,
				DC4274BB75882A985CB5C0BE /* l-etranger.json */,
				7EF2D7B2839CD4D31A83AA97 /* le-petit-prince.json */,
			);
			path = manifests;
			sourceTree = "<group>";
		};
		1476D6657FCF347F92439B9B /* books */ = {
			isa = PBXGroup;
			children = (
				42EA0EE9A5B088DE2E527697 /* 1984.epub */,
				9A79C980F9AD98BD101601E9 /* dorian-gray.epub */,
				E19848A043D0CF43AB8B195A /* l-etranger.epub */,
				21B81C876FDD84E814F5A389 /* le-petit-prince.epub */,
			);
			path = books;
			sourceTree = "<group>";
		};
		1FAF7B9B73AB4621AB2A3F76 /* Tests */ = {
			isa = PBXGroup;
			children = (
				49830F744711A2144EE7185B /* BookParserEPUBTests.swift */,
									E51684E30BE740D9B3A4474F /* BookReaderTests.swift */,
				GA01F000000000000000C001 /* GuardianAPITests.swift */,
				RG01F000000000000000C001 /* RegressionTests.swift */,
				UI01F000000000000000C001 /* InstagramViewUIStateTests.swift */,
				8D621B9E95F4CDC4E78C462C /* TestHelpers.swift */,
				002F22D747E63E13E20EF310 /* Fixtures */,
			);
			name = Tests;
			path = StopScroll/Tests;
			sourceTree = "<group>";
		};
		3C36802E3A22469D9BA5B4DB /* Resources */ = {
			isa = PBXGroup;
			children = (
				7C3519B92634CB61271300F7 /* Info.plist */,
			);
			path = Resources;
			sourceTree = "<group>";
		};
		3DE876ED1202BB24B72F17D8 /* Reading */ = {
			isa = PBXGroup;
			children = (
				CF11588F033C75B560C0FFC8 /* ReadingMode.swift */,
			);
			path = Reading;
			sourceTree = "<group>";
		};
		5C4E127F66DBEA25FDCB0E34 /* runtime */ = {
			isa = PBXGroup;
			children = (
				E4CD51E6F16178205EDAB216 /* runtime-scan.js */,
				FCC3507A23B2C8EF5C9F1582 /* runtime-state.js */,
				6B73D89F1A2CA5F420AD4585 /* runtime-ui.js */,
			);
			path = runtime;
			sourceTree = "<group>";
		};
		60E01CD27F7F56974C67A460 /* EPUB */ = {
			isa = PBXGroup;
			children = (
				2BD4C6C201D9F5F16A434A29 /* EPUBParser.swift */,
				3511D2DC94E15A5FB361C282 /* MiniZIP.swift */,
			);
			path = EPUB;
			sourceTree = "<group>";
		};
		66E8BB0425358AA81C1BA1F0 /* Text */ = {
			isa = PBXGroup;
			children = (
				CBDA853E4D3537C6E8F986AC /* String+HTMLStripping.swift */,
			);
			path = Text;
			sourceTree = "<group>";
		};
		6AFF02DF949F413AE232B75E /* BookParsing */ = {
			isa = PBXGroup;
			children = (
				6FDCC71C7D34FFCBA9E6F6A3 /* Cards */,
				60E01CD27F7F56974C67A460 /* EPUB */,
				041B6EC618876AAB818A8D52 /* Parser */,
				3DE876ED1202BB24B72F17D8 /* Reading */,
				66E8BB0425358AA81C1BA1F0 /* Text */,
			);
			path = BookParsing;
			sourceTree = "<group>";
		};
		6FDCC71C7D34FFCBA9E6F6A3 /* Cards */ = {
			isa = PBXGroup;
			children = (
				43A0650330F1551DE7DD9680 /* BookCard.swift */,
				CC266854481DCE0687F62A4A /* CardType.swift */,
			);
			path = Cards;
			sourceTree = "<group>";
		};
		7361DFA925892C916BCF5414 /* Scripts */ = {
			isa = PBXGroup;
			children = (
				D2B9DF084BF8BB4FB369AC1C /* block_reels_entry.js */,
				E8B9D70AE41E090020003432 /* block_reels.js */,
				F6C771D48DF469657B4736F9 /* build_block_reels.mjs */,
				AE258A5A7FBD16C1374360DC /* build_block_reels.sh */,
				F1AFCEC8E424892E0BC875EC /* dynamic_feed_config.yaml */,
				9978C351ACAEE57C6284633C /* modules */,
				5C4E127F66DBEA25FDCB0E34 /* runtime */,
			);
			path = Scripts;
			sourceTree = "<group>";
		};
		83AF0653200CABF4733EE477 /* Products */ = {
			isa = PBXGroup;
			children = (
				86AF0E37D9B2DA48FC635A6D /* StopScroll.app */,
				C1396E0D9C909791D84E4FC3 /* StopScrollTests.xctest */,
			);
			name = Products;
			sourceTree = "<group>";
		};
		9978C351ACAEE57C6284633C /* modules */ = {
			isa = PBXGroup;
			children = (
				5C66F51A6E14B547DFE57A28 /* ad-detection.js */,
				CB01G00000000000000000A0 /* card-builder */,
				E2ECEDAD8271AE991EADE90C /* card-injection.js */,
				25FF4AF8D9F7E63AB024811A /* card-logic.js */,
				F37A75B1FDB803D6858E0529 /* config.js */,
				426826A738B07C445AB3F826 /* constants.js */,
				0629F99C39F502C163050F96 /* dom-utils.js */,
				5B8AD3F66D765FAD4883A275 /* nav-management.js */,
				3E2D1A03E4BE037A0217B8E1 /* page-manager.js */,
				47C612B0F7A1DCD29ADBEEF9 /* scroll-lock.js */,
				9BA157D7898D2DA526AFDCB1 /* top-menu.js */,
				459D5381A32D4A489B570713 /* session-stats.js */,
				2AE21283A700ADC65F40A964 /* tracking.js */,
				WK01F000000000000000B001 /* wikipedia.js */,
				GD01F000000000000000C001 /* guardian.js */,
			);
			path = modules;
			sourceTree = "<group>";
		};
		6BC79B240C3A4CCE9D14C8A2 /* BookReader */ = {
			isa = PBXGroup;
			children = (
				AFFE44BA493845B1A7C140B7 /* BookReaderView.swift */,
				6040F693CA68422E87FC610B /* BookReaderTypes.swift */,
				5D820FA81FBD40B4AF55275C /* StoredChapter.swift */,
				89B12E342316493C8C23892B /* LibraryBook.swift */,
				3ABC52A2B03C4E9A86B34D97 /* ProgressViews.swift */,
				83A39E668085493CBDF58849 /* BookCoverViews.swift */,
				E361622F5CF84183A150FE88 /* TextCardView.swift */,
				1879AAEFA6274D458828501A /* ChapterCard.swift */,
				6B88D37C8BEA4C82B214B1D7 /* PassageDetailView.swift */,
				2E09F44D5F1C4D7FB5DB2504 /* BookCompletionView.swift */,
				E6935BB4BFEE4AB89277C884 /* SettingsSheet.swift */,
				8F97DFD9CFF9430EA3498C0F /* BookReaderDataTransfer.swift */,
				B6B54E5928F746F2B3A5E4B3 /* BookDetailSheet.swift */,
			);
			path = BookReader;
			sourceTree = "<group>";
		};
		A9AA752D3FE8FA725F1FA8CB /* Views */ = {
			isa = PBXGroup;
			children = (
				1BCF5AD32F94EB120042FC96 /* ConsoleView.swift */,
				6BC79B240C3A4CCE9D14C8A2 /* BookReader */,
				F7458C392340CA051B9872EA /* InstagramView.swift */,
				98D36FB79C7EDDFDA593A7C9 /* InstagramWebView.swift */,
				CAF2D46EF1C6E4B340BA1FC8 /* SettingsView.swift */,
			);
			path = Views;
			sourceTree = "<group>";
		};
		BAA3CB75275AA0309EA7FEBA = {
			isa = PBXGroup;
			children = (
				DB3CE55B0E0A22345CD06982 /* StopScroll */,
				1FAF7B9B73AB4621AB2A3F76 /* Tests */,
				83AF0653200CABF4733EE477 /* Products */,
			);
			sourceTree = "<group>";
		};
		BCC0221AD69FE0A23A6D0508 /* App */ = {
			isa = PBXGroup;
			children = (
				4F8E5453518C42B23702CCBB /* StopScrollApp.swift */,
			);
			path = App;
			sourceTree = "<group>";
		};
		CB01G00000000000000000A0 /* card-builder */ = {
			isa = PBXGroup;
			children = (
				CB01F00000000000000000A1 /* card-builder-helpers.js */,
				CB01F00000000000000000A2 /* card-metrics.js */,
				CB01F00000000000000000A3 /* card-mood.js */,
				CB01F00000000000000000A4 /* card-timer.js */,
				CB01F00000000000000000A5 /* card-stop.js */,
				CB01F00000000000000000A6 /* card-stats.js */,
				CB01F00000000000000000A8 /* card-book.js */,
				CB01F00000000000000000A9 /* card-culture.js */,
				CB01F00000000000000000A7 /* card-builder.js */,
			);
			path = "card-builder";
			sourceTree = "<group>";
		};
		D2FE0D65A435A8E992E4EC84 /* Models */ = {
			isa = PBXGroup;
			children = (
				1BCF5AD02F94EAF70042FC96 /* LogManager.swift */,
				0C6A095CCE50876F59118428 /* AppSettings.swift */,
				6AFF02DF949F413AE232B75E /* BookParsing */,
			);
			path = Models;
			sourceTree = "<group>";
		};
		DB3CE55B0E0A22345CD06982 /* StopScroll */ = {
			isa = PBXGroup;
			children = (
				F5264B0892789360AAE52D0D /* Assets.xcassets */,
				BCC0221AD69FE0A23A6D0508 /* App */,
				D2FE0D65A435A8E992E4EC84 /* Models */,
				3C36802E3A22469D9BA5B4DB /* Resources */,
				7361DFA925892C916BCF5414 /* Scripts */,
				A9AA752D3FE8FA725F1FA8CB /* Views */,
			);
			path = StopScroll;
			sourceTree = "<group>";
		};
/* End PBXGroup section */

/* Begin PBXNativeTarget section */
		180F3B4834C9782D757B939A /* StopScroll */ = {
			isa = PBXNativeTarget;
			buildConfigurationList = FC49421341E6CF15F2527A0F /* Build configuration list for PBXNativeTarget "StopScroll" */;
			buildPhases = (
				69C05C2932070CE1B469AE22 /* Sources */,
				991E8F786DB9CADB86C306D3 /* Resources */,
			);
			buildRules = (
			);
			dependencies = (
			);
			name = StopScroll;
			packageProductDependencies = (
			);
			productName = StopScroll;
			productReference = 86AF0E37D9B2DA48FC635A6D /* StopScroll.app */;
			productType = "com.apple.product-type.application";
		};
		B62CF5372B78E51D7DDC87EF /* StopScrollTests */ = {
			isa = PBXNativeTarget;
			buildConfigurationList = 6D42E09C0FB37CC250A52978 /* Build configuration list for PBXNativeTarget "StopScrollTests" */;
			buildPhases = (
				8813CF6615F7E29A4774031E /* Sources */,
				7C28CB8DAF98DD6390EF9D5F /* Resources */,
			);
			buildRules = (
			);
			dependencies = (
				CA185402572118F1603A0C0D /* PBXTargetDependency */,
			);
			name = StopScrollTests;
			packageProductDependencies = (
			);
			productName = StopScrollTests;
			productReference = C1396E0D9C909791D84E4FC3 /* StopScrollTests.xctest */;
			productType = "com.apple.product-type.bundle.unit-test";
		};
/* End PBXNativeTarget section */

/* Begin PBXProject section */
		742975AE0258353861E61B22 /* Project object */ = {
			isa = PBXProject;
			attributes = {
				BuildIndependentTargetsInParallel = YES;
				LastUpgradeCheck = 1600;
				TargetAttributes = {
					180F3B4834C9782D757B939A = {
						ProvisioningStyle = Automatic;
					};
				};
			};
			buildConfigurationList = BC054B34B95E8FDBDAF55731 /* Build configuration list for PBXProject "StopScroll" */;
			developmentRegion = en;
			hasScannedForEncodings = 0;
			knownRegions = (
				Base,
				en,
			);
			mainGroup = BAA3CB75275AA0309EA7FEBA;
			minimizedProjectReferenceProxies = 1;
			preferredProjectObjectVersion = 77;
			productRefGroup = 83AF0653200CABF4733EE477 /* Products */;
			projectDirPath = "";
			projectRoot = "";
			targets = (
				180F3B4834C9782D757B939A /* StopScroll */,
				B62CF5372B78E51D7DDC87EF /* StopScrollTests */,
			);
		};
/* End PBXProject section */

/* Begin PBXResourcesBuildPhase section */
		7C28CB8DAF98DD6390EF9D5F /* Resources */ = {
			isa = PBXResourcesBuildPhase;
			buildActionMask = 2147483647;
			files = (
				A4057A3018DF90737D19AC67 /* 1984.epub in Resources */,
				1DEDEA7847183B5BC857B069 /* 1984.json in Resources */,
				F02FAA985CC67A6BEAE1E355 /* dorian-gray.epub in Resources */,
				733AE0251F257E9A545EFDAE /* dorian-gray.json in Resources */,
				5EDC12D4C1609F10C7414C18 /* l-etranger.epub in Resources */,
				1F837C1C326B82742E999373 /* l-etranger.json in Resources */,
				DA53C6993F4764F522EF04FF /* le-petit-prince.epub in Resources */,
				D19A3ED8A8C44F7639C83E2B /* le-petit-prince.json in Resources */,
			);
			runOnlyForDeploymentPostprocessing = 0;
		};
		991E8F786DB9CADB86C306D3 /* Resources */ = {
			isa = PBXResourcesBuildPhase;
			buildActionMask = 2147483647;
			files = (
				A31410EE5D6322D2100BC284 /* Assets.xcassets in Resources */,
				AE82571374B15A67AD8769CF /* ad-detection.js in Resources */,
				0E0A5E093DD39A3D6BA043CC /* block_reels.js in Resources */,
				720A7F23F1DF3E1DB2B8AA31 /* block_reels_entry.js in Resources */,
				87D5B5C7224D6580853F46AC /* build_block_reels.mjs in Resources */,
				F17FDA4E403CE54FAE123382 /* build_block_reels.sh in Resources */,
				CB01A00000000000000000A1 /* card-builder-helpers.js in Resources */,
				CB01A00000000000000000A2 /* card-metrics.js in Resources */,
				CB01A00000000000000000A3 /* card-mood.js in Resources */,
				CB01A00000000000000000A4 /* card-timer.js in Resources */,
				CB01A00000000000000000A5 /* card-stop.js in Resources */,
				CB01A00000000000000000A6 /* card-stats.js in Resources */,
				CB01A00000000000000000A8 /* card-book.js in Resources */,
				CB01A00000000000000000A9 /* card-culture.js in Resources */,
				CB01A00000000000000000A7 /* card-builder.js in Resources */,
				C8CD3BDC6ADADE184817FBB1 /* card-injection.js in Resources */,
				E6D38C57ACFC342FFCE57D67 /* card-logic.js in Resources */,
				CE148C2C2BC7651AE31FC005 /* config.js in Resources */,
				26286AE36E3383D42914218D /* constants.js in Resources */,
				B968E8762E78B55C46861445 /* dom-utils.js in Resources */,
				24151CCC554C18A28694D3EC /* dynamic_feed_config.yaml in Resources */,
				11757E0E955326E948703CF4 /* nav-management.js in Resources */,
				A08075D69A4203AFCA89DB8D /* page-manager.js in Resources */,
				60D2C4E49811A72D0BDC744D /* runtime-scan.js in Resources */,
				9AEDCF87B455004504649DF7 /* runtime-state.js in Resources */,
				072134CAB4546F774C9B15EF /* runtime-ui.js in Resources */,
				81C4BF166B93D00B3D6765B9 /* scroll-lock.js in Resources */,
				F0AA0D272D88F462AF10C5A0 /* top-menu.js in Resources */,
				7484628AC4F24FC3A62D0BEE /* session-stats.js in Resources */,
				2656A10B9F5D592B94197708 /* tracking.js in Resources */,
				WK01A000000000000000B001 /* wikipedia.js in Resources */,
				GD01A000000000000000C001 /* guardian.js in Resources */,
			);
			runOnlyForDeploymentPostprocessing = 0;
		};
/* End PBXResourcesBuildPhase section */

/* Begin PBXSourcesBuildPhase section */
		69C05C2932070CE1B469AE22 /* Sources */ = {
			isa = PBXSourcesBuildPhase;
			buildActionMask = 2147483647;
			files = (
				167E89196B678BCEBA68007A /* AppSettings.swift in Sources */,
				1BCF5AD52F94EB120042FC96 /* ConsoleView.swift in Sources */,
				596CA626D098C5B97511B1FA /* BookCard.swift in Sources */,
				D9C99F5FA0994BBFE0BD0DB5 /* BookParser.swift in Sources */,
								8CBA6AF60C764CAEBAE7612A /* BookReaderView.swift in Sources */,
								1862791F43FE4589B467F8FE /* StoredChapter.swift in Sources */,
								F40845A473F547639E52988F /* LibraryBook.swift in Sources */,
								11B6E904AA844DB3963CA7A7 /* ProgressViews.swift in Sources */,
								7604A0536BC84429AE01C39E /* BookCoverViews.swift in Sources */,
								B62FD808D930445BA9838117 /* TextCardView.swift in Sources */,
								9E01600C3ECD45C3AA3686AE /* ChapterCard.swift in Sources */,
								AF1B6B94B11D470F84145A42 /* PassageDetailView.swift in Sources */,
								1F811CDC56344198A7715383 /* BookCompletionView.swift in Sources */,
								8E5C825F83C64B2EA113802F /* SettingsSheet.swift in Sources */,
								28A1756D01E742EAB8ADF22B /* BookReaderDataTransfer.swift in Sources */,
								5021167BBE92475F90182A3C /* BookDetailSheet.swift in Sources */,
								4E641A105B104AEE8F257207 /* BookReaderTypes.swift in Sources */,
				9041891F5A55383856E0C868 /* CardType.swift in Sources */,
				3DFB4A28B148B1DFFC2C66EA /* EPUBParser.swift in Sources */,
				767CD5C99713E1A7FABA3036 /* InstagramView.swift in Sources */,
				83F82C06AE917D7565F44576 /* InstagramWebView.swift in Sources */,
				4DE917A22D9B670A345EBF68 /* MiniZIP.swift in Sources */,
				4730F705C47912493598425B /* ReadingMode.swift in Sources */,
				1BCF5AD12F94EAF70042FC96 /* LogManager.swift in Sources */,
				741C3867BFC8FD6966C495D0 /* SettingsView.swift in Sources */,
				D4185F5DE07CEB7C876C81DB /* StopScrollApp.swift in Sources */,
				D2A88B199E5AFA3204E3A400 /* String+HTMLStripping.swift in Sources */,
			);
			runOnlyForDeploymentPostprocessing = 0;
		};
		8813CF6615F7E29A4774031E /* Sources */ = {
			isa = PBXSourcesBuildPhase;
			buildActionMask = 2147483647;
			files = (
				1BCF5AD22F94EAF70042FC96 /* LogManager.swift in Sources */,
				1BCF5AD42F94EB120042FC96 /* ConsoleView.swift in Sources */,
				EB23AA3BFD54DE2E2E8C7F47 /* BookParserEPUBTests.swift in Sources */,
				GA01B000000000000000C001 /* GuardianAPITests.swift in Sources */,
				RG01B000000000000000C001 /* RegressionTests.swift in Sources */,
									63D06DA8C46945C58DDCD9E5 /* BookReaderTests.swift in Sources */,
				UI01B000000000000000C001 /* InstagramViewUIStateTests.swift in Sources */,
				FF2BE8CECF7504888ABD0C9D /* TestHelpers.swift in Sources */,
			);
			runOnlyForDeploymentPostprocessing = 0;
		};
/* End PBXSourcesBuildPhase section */

/* Begin PBXTargetDependency section */
		CA185402572118F1603A0C0D /* PBXTargetDependency */ = {
			isa = PBXTargetDependency;
			target = 180F3B4834C9782D757B939A /* StopScroll */;
			targetProxy = C0D44B6D5F962AA401A75254 /* PBXContainerItemProxy */;
		};
/* End PBXTargetDependency section */

/* Begin XCBuildConfiguration section */
		371973AE47E4B15D7A980A40 /* Debug */ = {
			isa = XCBuildConfiguration;
			buildSettings = {
				ALWAYS_SEARCH_USER_PATHS = NO;
				CLANG_ANALYZER_NONNULL = YES;
				CLANG_ANALYZER_NUMBER_OBJECT_CONVERSION = YES_AGGRESSIVE;
				CLANG_CXX_LANGUAGE_STANDARD = "gnu++14";
				CLANG_CXX_LIBRARY = "libc++";
				CLANG_ENABLE_MODULES = YES;
				CLANG_ENABLE_OBJC_ARC = YES;
				CLANG_ENABLE_OBJC_WEAK = YES;
				CLANG_WARN_BLOCK_CAPTURE_AUTORELEASING = YES;
				CLANG_WARN_BOOL_CONVERSION = YES;
				CLANG_WARN_COMMA = YES;
				CLANG_WARN_CONSTANT_CONVERSION = YES;
				CLANG_WARN_DEPRECATED_OBJC_IMPLEMENTATIONS = YES;
				CLANG_WARN_DIRECT_OBJC_ISA_USAGE = YES_ERROR;
				CLANG_WARN_DOCUMENTATION_COMMENTS = YES;
				CLANG_WARN_EMPTY_BODY = YES;
				CLANG_WARN_ENUM_CONVERSION = YES;
				CLANG_WARN_INFINITE_RECURSION = YES;
				CLANG_WARN_INT_CONVERSION = YES;
				CLANG_WARN_NON_LITERAL_NULL_CONVERSION = YES;
				CLANG_WARN_OBJC_IMPLICIT_RETAIN_SELF = YES;
				CLANG_WARN_OBJC_LITERAL_CONVERSION = YES;
				CLANG_WARN_OBJC_ROOT_CLASS = YES_ERROR;
				CLANG_WARN_QUOTED_INCLUDE_IN_FRAMEWORK_HEADER = YES;
				CLANG_WARN_RANGE_LOOP_ANALYSIS = YES;
				CLANG_WARN_STRICT_PROTOTYPES = YES;
				CLANG_WARN_SUSPICIOUS_MOVE = YES;
				CLANG_WARN_UNGUARDED_AVAILABILITY = YES_AGGRESSIVE;
				CLANG_WARN_UNREACHABLE_CODE = YES;
				CLANG_WARN__DUPLICATE_METHOD_MATCH = YES;
				COPY_PHASE_STRIP = NO;
				DEBUG_INFORMATION_FORMAT = dwarf;
				ENABLE_STRICT_OBJC_MSGSEND = YES;
				ENABLE_TESTABILITY = YES;
				GCC_C_LANGUAGE_STANDARD = gnu11;
				GCC_DYNAMIC_NO_PIC = NO;
				GCC_NO_COMMON_BLOCKS = YES;
				GCC_OPTIMIZATION_LEVEL = 0;
				GCC_PREPROCESSOR_DEFINITIONS = (
					"$(inherited)",
					"DEBUG=1",
				);
				GCC_WARN_64_TO_32_BIT_CONVERSION = YES;
				GCC_WARN_ABOUT_RETURN_TYPE = YES_ERROR;
				GCC_WARN_UNDECLARED_SELECTOR = YES;
				GCC_WARN_UNINITIALIZED_AUTOS = YES_AGGRESSIVE;
				GCC_WARN_UNUSED_FUNCTION = YES;
				GCC_WARN_UNUSED_VARIABLE = YES;
				IPHONEOS_DEPLOYMENT_TARGET = 16.0;
				MTL_ENABLE_DEBUG_INFO = INCLUDE_SOURCE;
				MTL_FAST_MATH = YES;
				ONLY_ACTIVE_ARCH = YES;
				PRODUCT_NAME = "$(TARGET_NAME)";
				SDKROOT = iphoneos;
				SWIFT_ACTIVE_COMPILATION_CONDITIONS = DEBUG;
				SWIFT_OPTIMIZATION_LEVEL = "-Onone";
				SWIFT_VERSION = 5.0;
			};
			name = Debug;
		};
		764047D36DE8BBDE2B4B8497 /* Release */ = {
			isa = XCBuildConfiguration;
			buildSettings = {
				BUNDLE_LOADER = "$(TEST_HOST)";
				GENERATE_INFOPLIST_FILE = YES;
				LD_RUNPATH_SEARCH_PATHS = (
					"$(inherited)",
					"@executable_path/Frameworks",
					"@loader_path/Frameworks",
				);
				PRODUCT_BUNDLE_IDENTIFIER = com.stopscroll.app.tests;
				SDKROOT = iphoneos;
				SWIFT_VERSION = 5.9;
				TARGETED_DEVICE_FAMILY = "1,2";
				TEST_HOST = "$(BUILT_PRODUCTS_DIR)/StopScroll.app/StopScroll";
			};
			name = Release;
		};
		833382DD96E223B17B569C84 /* Release */ = {
			isa = XCBuildConfiguration;
			buildSettings = {
				ALWAYS_SEARCH_USER_PATHS = NO;
				CLANG_ANALYZER_NONNULL = YES;
				CLANG_ANALYZER_NUMBER_OBJECT_CONVERSION = YES_AGGRESSIVE;
				CLANG_CXX_LANGUAGE_STANDARD = "gnu++14";
				CLANG_CXX_LIBRARY = "libc++";
				CLANG_ENABLE_MODULES = YES;
				CLANG_ENABLE_OBJC_ARC = YES;
				CLANG_ENABLE_OBJC_WEAK = YES;
				CLANG_WARN_BLOCK_CAPTURE_AUTORELEASING = YES;
				CLANG_WARN_BOOL_CONVERSION = YES;
				CLANG_WARN_COMMA = YES;
				CLANG_WARN_CONSTANT_CONVERSION = YES;
				CLANG_WARN_DEPRECATED_OBJC_IMPLEMENTATIONS = YES;
				CLANG_WARN_DIRECT_OBJC_ISA_USAGE = YES_ERROR;
				CLANG_WARN_DOCUMENTATION_COMMENTS = YES;
				CLANG_WARN_EMPTY_BODY = YES;
				CLANG_WARN_ENUM_CONVERSION = YES;
				CLANG_WARN_INFINITE_RECURSION = YES;
				CLANG_WARN_INT_CONVERSION = YES;
				CLANG_WARN_NON_LITERAL_NULL_CONVERSION = YES;
				CLANG_WARN_OBJC_IMPLICIT_RETAIN_SELF = YES;
				CLANG_WARN_OBJC_LITERAL_CONVERSION = YES;
				CLANG_WARN_OBJC_ROOT_CLASS = YES_ERROR;
				CLANG_WARN_QUOTED_INCLUDE_IN_FRAMEWORK_HEADER = YES;
				CLANG_WARN_RANGE_LOOP_ANALYSIS = YES;
				CLANG_WARN_STRICT_PROTOTYPES = YES;
				CLANG_WARN_SUSPICIOUS_MOVE = YES;
				CLANG_WARN_UNGUARDED_AVAILABILITY = YES_AGGRESSIVE;
				CLANG_WARN_UNREACHABLE_CODE = YES;
				CLANG_WARN__DUPLICATE_METHOD_MATCH = YES;
				COPY_PHASE_STRIP = NO;
				DEBUG_INFORMATION_FORMAT = "dwarf-with-dsym";
				ENABLE_NS_ASSERTIONS = NO;
				ENABLE_STRICT_OBJC_MSGSEND = YES;
				GCC_C_LANGUAGE_STANDARD = gnu11;
				GCC_NO_COMMON_BLOCKS = YES;
				GCC_WARN_64_TO_32_BIT_CONVERSION = YES;
				GCC_WARN_ABOUT_RETURN_TYPE = YES_ERROR;
				GCC_WARN_UNDECLARED_SELECTOR = YES;
				GCC_WARN_UNINITIALIZED_AUTOS = YES_AGGRESSIVE;
				GCC_WARN_UNUSED_FUNCTION = YES;
				GCC_WARN_UNUSED_VARIABLE = YES;
				IPHONEOS_DEPLOYMENT_TARGET = 16.0;
				MTL_ENABLE_DEBUG_INFO = NO;
				MTL_FAST_MATH = YES;
				PRODUCT_NAME = "$(TARGET_NAME)";
				SDKROOT = iphoneos;
				SWIFT_COMPILATION_MODE = wholemodule;
				SWIFT_OPTIMIZATION_LEVEL = "-O";
				SWIFT_VERSION = 5.0;
			};
			name = Release;
		};
		9121900F3ABE0D6DBD539AEC /* Debug */ = {
			isa = XCBuildConfiguration;
			buildSettings = {
				ASSETCATALOG_COMPILER_APPICON_NAME = AppIcon;
				CODE_SIGN_IDENTITY = "iPhone Developer";
				CODE_SIGN_STYLE = Automatic;
				CURRENT_PROJECT_VERSION = 1;
				DEVELOPMENT_TEAM = C7DKBX3YUF;
				INFOPLIST_FILE = StopScroll/Resources/Info.plist;
				LD_RUNPATH_SEARCH_PATHS = (
					"$(inherited)",
					"@executable_path/Frameworks",
				);
				MARKETING_VERSION = 1.0.0;
				PRODUCT_BUNDLE_IDENTIFIER = com.stopscroll.app;
				SDKROOT = iphoneos;
				SUPPORTS_XR_DESIGNED_FOR_IPHONE_IPAD = NO;
				SWIFT_VERSION = 5.9;
				TARGETED_DEVICE_FAMILY = 1;
			};
			name = Debug;
		};
		DA1D69F7F4A4EB0426238E0E /* Release */ = {
			isa = XCBuildConfiguration;
			buildSettings = {
				ASSETCATALOG_COMPILER_APPICON_NAME = AppIcon;
				CODE_SIGN_IDENTITY = "iPhone Developer";
				CODE_SIGN_STYLE = Automatic;
				CURRENT_PROJECT_VERSION = 1;
				DEVELOPMENT_TEAM = C7DKBX3YUF;
				INFOPLIST_FILE = StopScroll/Resources/Info.plist;
				LD_RUNPATH_SEARCH_PATHS = (
					"$(inherited)",
					"@executable_path/Frameworks",
				);
				MARKETING_VERSION = 1.0.0;
				PRODUCT_BUNDLE_IDENTIFIER = com.stopscroll.app;
				SDKROOT = iphoneos;
				SUPPORTS_XR_DESIGNED_FOR_IPHONE_IPAD = NO;
				SWIFT_VERSION = 5.9;
				TARGETED_DEVICE_FAMILY = 1;
			};
			name = Release;
		};
		E92FE0FE05A6D454E341E036 /* Debug */ = {
			isa = XCBuildConfiguration;
			buildSettings = {
				BUNDLE_LOADER = "$(TEST_HOST)";
				GENERATE_INFOPLIST_FILE = YES;
				LD_RUNPATH_SEARCH_PATHS = (
					"$(inherited)",
					"@executable_path/Frameworks",
					"@loader_path/Frameworks",
				);
				PRODUCT_BUNDLE_IDENTIFIER = com.stopscroll.app.tests;
				SDKROOT = iphoneos;
				SWIFT_VERSION = 5.9;
				TARGETED_DEVICE_FAMILY = "1,2";
				TEST_HOST = "$(BUILT_PRODUCTS_DIR)/StopScroll.app/StopScroll";
			};
			name = Debug;
		};
/* End XCBuildConfiguration section */

/* Begin XCConfigurationList section */
		6D42E09C0FB37CC250A52978 /* Build configuration list for PBXNativeTarget "StopScrollTests" */ = {
			isa = XCConfigurationList;
			buildConfigurations = (
				E92FE0FE05A6D454E341E036 /* Debug */,
				764047D36DE8BBDE2B4B8497 /* Release */,
			);
			defaultConfigurationIsVisible = 0;
			defaultConfigurationName = Debug;
		};
		BC054B34B95E8FDBDAF55731 /* Build configuration list for PBXProject "StopScroll" */ = {
			isa = XCConfigurationList;
			buildConfigurations = (
				371973AE47E4B15D7A980A40 /* Debug */,
				833382DD96E223B17B569C84 /* Release */,
			);
			defaultConfigurationIsVisible = 0;
			defaultConfigurationName = Debug;
		};
		FC49421341E6CF15F2527A0F /* Build configuration list for PBXNativeTarget "StopScroll" */ = {
			isa = XCConfigurationList;
			buildConfigurations = (
				9121900F3ABE0D6DBD539AEC /* Debug */,
				DA1D69F7F4A4EB0426238E0E /* Release */,
			);
			defaultConfigurationIsVisible = 0;
			defaultConfigurationName = Debug;
		};
/* End XCConfigurationList section */
	};
	rootObject = 742975AE0258353861E61B22 /* Project object */;
}
