// !$*UTF8*$!
{
	archiveVersion = 1;
	classes = {
	};
	objectVersion = 77;
	objects = {

/* Begin PBXBuildFile section */
		0E0A5E093DD39A3D6BA043CC /* block_reels.js in Resources */ = {isa = PBXBuildFile; fileRef = E8B9D70AE41E090020003432 /* block_reels.js */; };
		196B2146F76AB27B059B4958 /* BookReaderView.swift in Sources */ = {isa = PBXBuildFile; fileRef = 7E5A34E345922B0FB77B065C /* BookReaderView.swift */; };
		27EACB1BA89A36C1613B4AAB /* BookParser.swift in Sources */ = {isa = PBXBuildFile; fileRef = 26DD5F6A438B9CB04D159E58 /* BookParser.swift */; };
		767CD5C99713E1A7FABA3036 /* InstagramView.swift in Sources */ = {isa = PBXBuildFile; fileRef = F7458C392340CA051B9872EA /* InstagramView.swift */; };
		83F82C06AE917D7565F44576 /* InstagramWebView.swift in Sources */ = {isa = PBXBuildFile; fileRef = 98D36FB79C7EDDFDA593A7C9 /* InstagramWebView.swift */; };
		A31410EE5D6322D2100BC284 /* Assets.xcassets in Resources */ = {isa = PBXBuildFile; fileRef = F5264B0892789360AAE52D0D /* Assets.xcassets */; };
		D4185F5DE07CEB7C876C81DB /* StopScrollApp.swift in Sources */ = {isa = PBXBuildFile; fileRef = 4F8E5453518C42B23702CCBB /* StopScrollApp.swift */; };
/* End PBXBuildFile section */

/* Begin PBXFileReference section */
		26DD5F6A438B9CB04D159E58 /* BookParser.swift */ = {isa = PBXFileReference; lastKnownFileType = sourcecode.swift; path = BookParser.swift; sourceTree = "<group>"; };
		4F8E5453518C42B23702CCBB /* StopScrollApp.swift */ = {isa = PBXFileReference; lastKnownFileType = sourcecode.swift; path = StopScrollApp.swift; sourceTree = "<group>"; };
		7C3519B92634CB61271300F7 /* Info.plist */ = {isa = PBXFileReference; lastKnownFileType = text.plist; path = Info.plist; sourceTree = "<group>"; };
		7E5A34E345922B0FB77B065C /* BookReaderView.swift */ = {isa = PBXFileReference; lastKnownFileType = sourcecode.swift; path = BookReaderView.swift; sourceTree = "<group>"; };
		86AF0E37D9B2DA48FC635A6D /* StopScroll.app */ = {isa = PBXFileReference; includeInIndex = 0; lastKnownFileType = wrapper.application; path = StopScroll.app; sourceTree = BUILT_PRODUCTS_DIR; };
		98D36FB79C7EDDFDA593A7C9 /* InstagramWebView.swift */ = {isa = PBXFileReference; lastKnownFileType = sourcecode.swift; path = InstagramWebView.swift; sourceTree = "<group>"; };
		E8B9D70AE41E090020003432 /* block_reels.js */ = {isa = PBXFileReference; lastKnownFileType = sourcecode.javascript; path = block_reels.js; sourceTree = "<group>"; };
		F5264B0892789360AAE52D0D /* Assets.xcassets */ = {isa = PBXFileReference; lastKnownFileType = folder.assetcatalog; path = Assets.xcassets; sourceTree = "<group>"; };
		F7458C392340CA051B9872EA /* InstagramView.swift */ = {isa = PBXFileReference; lastKnownFileType = sourcecode.swift; path = InstagramView.swift; sourceTree = "<group>"; };
/* End PBXFileReference section */

/* Begin PBXGroup section */
		3C36802E3A22469D9BA5B4DB /* Resources */ = {
			isa = PBXGroup;
			children = (
				7C3519B92634CB61271300F7 /* Info.plist */,
			);
			path = Resources;
			sourceTree = "<group>";
		};
		7361DFA925892C916BCF5414 /* Scripts */ = {
			isa = PBXGroup;
			children = (
				E8B9D70AE41E090020003432 /* block_reels.js */,
			);
			path = Scripts;
			sourceTree = "<group>";
		};
		83AF0653200CABF4733EE477 /* Products */ = {
			isa = PBXGroup;
			children = (
				86AF0E37D9B2DA48FC635A6D /* StopScroll.app */,
			);
			name = Products;
			sourceTree = "<group>";
		};
		A9AA752D3FE8FA725F1FA8CB /* Views */ = {
			isa = PBXGroup;
			children = (
				7E5A34E345922B0FB77B065C /* BookReaderView.swift */,
				F7458C392340CA051B9872EA /* InstagramView.swift */,
				98D36FB79C7EDDFDA593A7C9 /* InstagramWebView.swift */,
			);
			path = Views;
			sourceTree = "<group>";
		};
		BAA3CB75275AA0309EA7FEBA = {
			isa = PBXGroup;
			children = (
				DB3CE55B0E0A22345CD06982 /* StopScroll */,
				83AF0653200CABF4733EE477 /* Products */,
			);
			sourceTree = "<group>";
		};
		BCC0221AD69FE0A23A6D0508 /* App */ = {
			isa = PBXGroup;
			children = (
				4F8E5453518C42B23702CCBB /* StopScrollApp.swift */,
			);
			path = App;
			sourceTree = "<group>";
		};
		D2FE0D65A435A8E992E4EC84 /* Models */ = {
			isa = PBXGroup;
			children = (
				26DD5F6A438B9CB04D159E58 /* BookParser.swift */,
			);
			path = Models;
			sourceTree = "<group>";
		};
		DB3CE55B0E0A22345CD06982 /* StopScroll */ = {
			isa = PBXGroup;
			children = (
				F5264B0892789360AAE52D0D /* Assets.xcassets */,
				BCC0221AD69FE0A23A6D0508 /* App */,
				D2FE0D65A435A8E992E4EC84 /* Models */,
				3C36802E3A22469D9BA5B4DB /* Resources */,
				7361DFA925892C916BCF5414 /* Scripts */,
				A9AA752D3FE8FA725F1FA8CB /* Views */,
			);
			path = StopScroll;
			sourceTree = "<group>";
		};
/* End PBXGroup section */

/* Begin PBXNativeTarget section */
		180F3B4834C9782D757B939A /* StopScroll */ = {
			isa = PBXNativeTarget;
			buildConfigurationList = FC49421341E6CF15F2527A0F /* Build configuration list for PBXNativeTarget "StopScroll" */;
			buildPhases = (
				69C05C2932070CE1B469AE22 /* Sources */,
				991E8F786DB9CADB86C306D3 /* Resources */,
			);
			buildRules = (
			);
			dependencies = (
			);
			name = StopScroll;
			packageProductDependencies = (
			);
			productName = StopScroll;
			productReference = 86AF0E37D9B2DA48FC635A6D /* StopScroll.app */;
			productType = "com.apple.product-type.application";
		};
/* End PBXNativeTarget section */

/* Begin PBXProject section */
		742975AE0258353861E61B22 /* Project object */ = {
			isa = PBXProject;
			attributes = {
				BuildIndependentTargetsInParallel = YES;
				LastUpgradeCheck = 1600;
				TargetAttributes = {
					180F3B4834C9782D757B939A = {
						DevelopmentTeam = "";
						ProvisioningStyle = Automatic;
					};
				};
			};
			buildConfigurationList = BC054B34B95E8FDBDAF55731 /* Build configuration list for PBXProject "StopScroll" */;
			developmentRegion = en;
			hasScannedForEncodings = 0;
			knownRegions = (
				Base,
				en,
			);
			mainGroup = BAA3CB75275AA0309EA7FEBA;
			minimizedProjectReferenceProxies = 1;
			preferredProjectObjectVersion = 77;
			productRefGroup = 83AF0653200CABF4733EE477 /* Products */;
			projectDirPath = "";
			projectRoot = "";
			targets = (
				180F3B4834C9782D757B939A /* StopScroll */,
			);
		};
/* End PBXProject section */

/* Begin PBXResourcesBuildPhase section */
		991E8F786DB9CADB86C306D3 /* Resources */ = {
			isa = PBXResourcesBuildPhase;
			buildActionMask = 2147483647;
			files = (
				A31410EE5D6322D2100BC284 /* Assets.xcassets in Resources */,
				0E0A5E093DD39A3D6BA043CC /* block_reels.js in Resources */,
			);
			runOnlyForDeploymentPostprocessing = 0;
		};
/* End PBXResourcesBuildPhase section */

/* Begin PBXSourcesBuildPhase section */
		69C05C2932070CE1B469AE22 /* Sources */ = {
			isa = PBXSourcesBuildPhase;
			buildActionMask = 2147483647;
			files = (
				27EACB1BA89A36C1613B4AAB /* BookParser.swift in Sources */,
				196B2146F76AB27B059B4958 /* BookReaderView.swift in Sources */,
				767CD5C99713E1A7FABA3036 /* InstagramView.swift in Sources */,
				83F82C06AE917D7565F44576 /* InstagramWebView.swift in Sources */,
				D4185F5DE07CEB7C876C81DB /* StopScrollApp.swift in Sources */,
			);
			runOnlyForDeploymentPostprocessing = 0;
		};
/* End PBXSourcesBuildPhase section */

/* Begin XCBuildConfiguration section */
		371973AE47E4B15D7A980A40 /* Debug */ = {
			isa = XCBuildConfiguration;
			buildSettings = {
				ALWAYS_SEARCH_USER_PATHS = NO;
				CLANG_ANALYZER_NONNULL = YES;
				CLANG_ANALYZER_NUMBER_OBJECT_CONVERSION = YES_AGGRESSIVE;
				CLANG_CXX_LANGUAGE_STANDARD = "gnu++14";
				CLANG_CXX_LIBRARY = "libc++";
				CLANG_ENABLE_MODULES = YES;
				CLANG_ENABLE_OBJC_ARC = YES;
				CLANG_ENABLE_OBJC_WEAK = YES;
				CLANG_WARN_BLOCK_CAPTURE_AUTORELEASING = YES;
				CLANG_WARN_BOOL_CONVERSION = YES;
				CLANG_WARN_COMMA = YES;
				CLANG_WARN_CONSTANT_CONVERSION = YES;
				CLANG_WARN_DEPRECATED_OBJC_IMPLEMENTATIONS = YES;
				CLANG_WARN_DIRECT_OBJC_ISA_USAGE = YES_ERROR;
				CLANG_WARN_DOCUMENTATION_COMMENTS = YES;
				CLANG_WARN_EMPTY_BODY = YES;
				CLANG_WARN_ENUM_CONVERSION = YES;
				CLANG_WARN_INFINITE_RECURSION = YES;
				CLANG_WARN_INT_CONVERSION = YES;
				CLANG_WARN_NON_LITERAL_NULL_CONVERSION = YES;
				CLANG_WARN_OBJC_IMPLICIT_RETAIN_SELF = YES;
				CLANG_WARN_OBJC_LITERAL_CONVERSION = YES;
				CLANG_WARN_OBJC_ROOT_CLASS = YES_ERROR;
				CLANG_WARN_QUOTED_INCLUDE_IN_FRAMEWORK_HEADER = YES;
				CLANG_WARN_RANGE_LOOP_ANALYSIS = YES;
				CLANG_WARN_STRICT_PROTOTYPES = YES;
				CLANG_WARN_SUSPICIOUS_MOVE = YES;
				CLANG_WARN_UNGUARDED_AVAILABILITY = YES_AGGRESSIVE;
				CLANG_WARN_UNREACHABLE_CODE = YES;
				CLANG_WARN__DUPLICATE_METHOD_MATCH = YES;
				COPY_PHASE_STRIP = NO;
				DEBUG_INFORMATION_FORMAT = dwarf;
				ENABLE_STRICT_OBJC_MSGSEND = YES;
				ENABLE_TESTABILITY = YES;
				GCC_C_LANGUAGE_STANDARD = gnu11;
				GCC_DYNAMIC_NO_PIC = NO;
				GCC_NO_COMMON_BLOCKS = YES;
				GCC_OPTIMIZATION_LEVEL = 0;
				GCC_PREPROCESSOR_DEFINITIONS = (
					"$(inherited)",
					"DEBUG=1",
				);
				GCC_WARN_64_TO_32_BIT_CONVERSION = YES;
				GCC_WARN_ABOUT_RETURN_TYPE = YES_ERROR;
				GCC_WARN_UNDECLARED_SELECTOR = YES;
				GCC_WARN_UNINITIALIZED_AUTOS = YES_AGGRESSIVE;
				GCC_WARN_UNUSED_FUNCTION = YES;
				GCC_WARN_UNUSED_VARIABLE = YES;
				IPHONEOS_DEPLOYMENT_TARGET = 16.0;
				MTL_ENABLE_DEBUG_INFO = INCLUDE_SOURCE;
				MTL_FAST_MATH = YES;
				ONLY_ACTIVE_ARCH = YES;
				PRODUCT_NAME = "$(TARGET_NAME)";
				SDKROOT = iphoneos;
				SWIFT_ACTIVE_COMPILATION_CONDITIONS = DEBUG;
				SWIFT_OPTIMIZATION_LEVEL = "-Onone";
				SWIFT_VERSION = 5.0;
			};
			name = Debug;
		};
		833382DD96E223B17B569C84 /* Release */ = {
			isa = XCBuildConfiguration;
			buildSettings = {
				ALWAYS_SEARCH_USER_PATHS = NO;
				CLANG_ANALYZER_NONNULL = YES;
				CLANG_ANALYZER_NUMBER_OBJECT_CONVERSION = YES_AGGRESSIVE;
				CLANG_CXX_LANGUAGE_STANDARD = "gnu++14";
				CLANG_CXX_LIBRARY = "libc++";
				CLANG_ENABLE_MODULES = YES;
				CLANG_ENABLE_OBJC_ARC = YES;
				CLANG_ENABLE_OBJC_WEAK = YES;
				CLANG_WARN_BLOCK_CAPTURE_AUTORELEASING = YES;
				CLANG_WARN_BOOL_CONVERSION = YES;
				CLANG_WARN_COMMA = YES;
				CLANG_WARN_CONSTANT_CONVERSION = YES;
				CLANG_WARN_DEPRECATED_OBJC_IMPLEMENTATIONS = YES;
				CLANG_WARN_DIRECT_OBJC_ISA_USAGE = YES_ERROR;
				CLANG_WARN_DOCUMENTATION_COMMENTS = YES;
				CLANG_WARN_EMPTY_BODY = YES;
				CLANG_WARN_ENUM_CONVERSION = YES;
				CLANG_WARN_INFINITE_RECURSION = YES;
				CLANG_WARN_INT_CONVERSION = YES;
				CLANG_WARN_NON_LITERAL_NULL_CONVERSION = YES;
				CLANG_WARN_OBJC_IMPLICIT_RETAIN_SELF = YES;
				CLANG_WARN_OBJC_LITERAL_CONVERSION = YES;
				CLANG_WARN_OBJC_ROOT_CLASS = YES_ERROR;
				CLANG_WARN_QUOTED_INCLUDE_IN_FRAMEWORK_HEADER = YES;
				CLANG_WARN_RANGE_LOOP_ANALYSIS = YES;
				CLANG_WARN_STRICT_PROTOTYPES = YES;
				CLANG_WARN_SUSPICIOUS_MOVE = YES;
				CLANG_WARN_UNGUARDED_AVAILABILITY = YES_AGGRESSIVE;
				CLANG_WARN_UNREACHABLE_CODE = YES;
				CLANG_WARN__DUPLICATE_METHOD_MATCH = YES;
				COPY_PHASE_STRIP = NO;
				DEBUG_INFORMATION_FORMAT = "dwarf-with-dsym";
				ENABLE_NS_ASSERTIONS = NO;
				ENABLE_STRICT_OBJC_MSGSEND = YES;
				GCC_C_LANGUAGE_STANDARD = gnu11;
				GCC_NO_COMMON_BLOCKS = YES;
				GCC_WARN_64_TO_32_BIT_CONVERSION = YES;
				GCC_WARN_ABOUT_RETURN_TYPE = YES_ERROR;
				GCC_WARN_UNDECLARED_SELECTOR = YES;
				GCC_WARN_UNINITIALIZED_AUTOS = YES_AGGRESSIVE;
				GCC_WARN_UNUSED_FUNCTION = YES;
				GCC_WARN_UNUSED_VARIABLE = YES;
				IPHONEOS_DEPLOYMENT_TARGET = 16.0;
				MTL_ENABLE_DEBUG_INFO = NO;
				MTL_FAST_MATH = YES;
				PRODUCT_NAME = "$(TARGET_NAME)";
				SDKROOT = iphoneos;
				SWIFT_COMPILATION_MODE = wholemodule;
				SWIFT_OPTIMIZATION_LEVEL = "-O";
				SWIFT_VERSION = 5.0;
			};
			name = Release;
		};
		9121900F3ABE0D6DBD539AEC /* Debug */ = {
			isa = XCBuildConfiguration;
			buildSettings = {
				ASSETCATALOG_COMPILER_APPICON_NAME = AppIcon;
				CODE_SIGN_IDENTITY = "iPhone Developer";
				CODE_SIGN_STYLE = Automatic;
				CURRENT_PROJECT_VERSION = 1;
				DEVELOPMENT_TEAM = "";
				INFOPLIST_FILE = StopScroll/Resources/Info.plist;
				LD_RUNPATH_SEARCH_PATHS = (
					"$(inherited)",
					"@executable_path/Frameworks",
				);
				MARKETING_VERSION = 1.0.0;
				PRODUCT_BUNDLE_IDENTIFIER = com.stopscroll.app;
				SDKROOT = iphoneos;
				SUPPORTS_XR_DESIGNED_FOR_IPHONE_IPAD = NO;
				SWIFT_VERSION = 5.9;
				TARGETED_DEVICE_FAMILY = 1;
			};
			name = Debug;
		};
		DA1D69F7F4A4EB0426238E0E /* Release */ = {
			isa = XCBuildConfiguration;
			buildSettings = {
				ASSETCATALOG_COMPILER_APPICON_NAME = AppIcon;
				CODE_SIGN_IDENTITY = "iPhone Developer";
				CODE_SIGN_STYLE = Automatic;
				CURRENT_PROJECT_VERSION = 1;
				DEVELOPMENT_TEAM = "";
				INFOPLIST_FILE = StopScroll/Resources/Info.plist;
				LD_RUNPATH_SEARCH_PATHS = (
					"$(inherited)",
					"@executable_path/Frameworks",
				);
				MARKETING_VERSION = 1.0.0;
				PRODUCT_BUNDLE_IDENTIFIER = com.stopscroll.app;
				SDKROOT = iphoneos;
				SUPPORTS_XR_DESIGNED_FOR_IPHONE_IPAD = NO;
				SWIFT_VERSION = 5.9;
				TARGETED_DEVICE_FAMILY = 1;
			};
			name = Release;
		};
/* End XCBuildConfiguration section */

/* Begin XCConfigurationList section */
		BC054B34B95E8FDBDAF55731 /* Build configuration list for PBXProject "StopScroll" */ = {
			isa = XCConfigurationList;
			buildConfigurations = (
				371973AE47E4B15D7A980A40 /* Debug */,
				833382DD96E223B17B569C84 /* Release */,
			);
			defaultConfigurationIsVisible = 0;
			defaultConfigurationName = Debug;
		};
		FC49421341E6CF15F2527A0F /* Build configuration list for PBXNativeTarget "StopScroll" */ = {
			isa = XCConfigurationList;
			buildConfigurations = (
				9121900F3ABE0D6DBD539AEC /* Debug */,
				DA1D69F7F4A4EB0426238E0E /* Release */,
			);
			defaultConfigurationIsVisible = 0;
			defaultConfigurationName = Debug;
		};
/* End XCConfigurationList section */
	};
	rootObject = 742975AE0258353861E61B22 /* Project object */;
}
